
Microsoft Visual Studio Solution File, Format Version 12.00
# Visual Studio Version 17
VisualStudioVersion = 17.7.34024.191
MinimumVisualStudioVersion = 10.0.40219.1
Project("{FAE04EC0-301F-11D3-BF4B-00C04F79EFBC}") = "eBAFormExample", "eBAFormExample\eBAFormExample.csproj", "{6A898876-5B12-4D62-90E6-D95BC44EF352}"
EndProject
Global
	GlobalSection(SolutionConfigurationPlatforms) = preSolution
		Debug|Any CPU = Debug|Any CPU
		Release|Any CPU = Release|Any CPU
	EndGlobalSection
	GlobalSection(ProjectConfigurationPlatforms) = postSolution
		{6A898876-5B12-4D62-90E6-D95BC44EF352}.Debug|Any CPU.ActiveCfg = Debug|Any CPU
		{6A898876-5B12-4D62-90E6-D95BC44EF352}.Debug|Any CPU.Build.0 = Debug|Any CPU
		{6A898876-5B12-4D62-90E6-D95BC44EF352}.Release|Any CPU.ActiveCfg = Release|Any CPU
		{6A898876-5B12-4D62-90E6-D95BC44EF352}.Release|Any CPU.Build.0 = Release|Any CPU
	EndGlobalSection
	GlobalSection(SolutionProperties) = preSolution
		HideSolutionNode = FALSE
	EndGlobalSection
	GlobalSection(ExtensibilityGlobals) = postSolution
		SolutionGuid = {F3534460-7F43-4529-BCBE-4E56D905038F}
	EndGlobalSection
EndGlobal
